
Microsoft Visual Studio Solution File, Format Version 12.00
# Visual Studio Version 16
VisualStudioVersion = 16.0.30611.23
MinimumVisualStudioVersion = 10.0.40219.1
Project("{FAE04EC0-301F-11D3-BF4B-00C04F79EFBC}") = "ComprarCafe.Android", "ComprarCafe\ComprarCafe.Android\ComprarCafe.Android.csproj", "{C3821C55-45B8-4B01-91F4-9F590955E8F9}"
EndProject
Project("{FAE04EC0-301F-11D3-BF4B-00C04F79EFBC}") = "ComprarCafe.iOS", "ComprarCafe\ComprarCafe.iOS\ComprarCafe.iOS.csproj", "{44F6439A-7BB8-4766-A329-585A71F48959}"
EndProject
Project("{FAE04EC0-301F-11D3-BF4B-00C04F79EFBC}") = "ComprarCafe", "ComprarCafe\ComprarCafe\ComprarCafe.csproj", "{712371D9-E278-4C1C-A6AB-D038AE1C3F08}"
EndProject
Project("{2150E333-8FDC-42A3-9474-1A3956D46DE8}") = "Solution Items", "Solution Items", "{8DBFFABB-DE72-4FA1-8731-056DE56C61E6}"
	ProjectSection(SolutionItems) = preProject
		Notas.txt = Notas.txt
	EndProjectSection
EndProject
Global
	GlobalSection(SolutionConfigurationPlatforms) = preSolution
		Debug|Any CPU = Debug|Any CPU
		Debug|iPhone = Debug|iPhone
		Debug|iPhoneSimulator = Debug|iPhoneSimulator
		Release|Any CPU = Release|Any CPU
		Release|iPhone = Release|iPhone
		Release|iPhoneSimulator = Release|iPhoneSimulator
	EndGlobalSection
	GlobalSection(ProjectConfigurationPlatforms) = postSolution
		{C3821C55-45B8-4B01-91F4-9F590955E8F9}.Debug|Any CPU.ActiveCfg = Debug|Any CPU
		{C3821C55-45B8-4B01-91F4-9F590955E8F9}.Debug|Any CPU.Build.0 = Debug|Any CPU
		{C3821C55-45B8-4B01-91F4-9F590955E8F9}.Debug|Any CPU.Deploy.0 = Debug|Any CPU
		{C3821C55-45B8-4B01-91F4-9F590955E8F9}.Debug|iPhone.ActiveCfg = Debug|Any CPU
		{C3821C55-45B8-4B01-91F4-9F590955E8F9}.Debug|iPhone.Build.0 = Debug|Any CPU
		{C3821C55-45B8-4B01-91F4-9F590955E8F9}.Debug|iPhone.Deploy.0 = Debug|Any CPU
		{C3821C55-45B8-4B01-91F4-9F590955E8F9}.Debug|iPhoneSimulator.ActiveCfg = Debug|Any CPU
		{C3821C55-45B8-4B01-91F4-9F590955E8F9}.Debug|iPhoneSimulator.Build.0 = Debug|Any CPU
		{C3821C55-45B8-4B01-91F4-9F590955E8F9}.Debug|iPhoneSimulator.Deploy.0 = Debug|Any CPU
		{C3821C55-45B8-4B01-91F4-9F590955E8F9}.Release|Any CPU.ActiveCfg = Release|Any CPU
		{C3821C55-45B8-4B01-91F4-9F590955E8F9}.Release|Any CPU.Build.0 = Release|Any CPU
		{C3821C55-45B8-4B01-91F4-9F590955E8F9}.Release|Any CPU.Deploy.0 = Release|Any CPU
		{C3821C55-45B8-4B01-91F4-9F590955E8F9}.Release|iPhone.ActiveCfg = Release|Any CPU
		{C3821C55-45B8-4B01-91F4-9F590955E8F9}.Release|iPhone.Build.0 = Release|Any CPU
		{C3821C55-45B8-4B01-91F4-9F590955E8F9}.Release|iPhone.Deploy.0 = Release|Any CPU
		{C3821C55-45B8-4B01-91F4-9F590955E8F9}.Release|iPhoneSimulator.ActiveCfg = Release|Any CPU
		{C3821C55-45B8-4B01-91F4-9F590955E8F9}.Release|iPhoneSimulator.Build.0 = Release|Any CPU
		{C3821C55-45B8-4B01-91F4-9F590955E8F9}.Release|iPhoneSimulator.Deploy.0 = Release|Any CPU
		{44F6439A-7BB8-4766-A329-585A71F48959}.Debug|Any CPU.ActiveCfg = Debug|iPhone
		{44F6439A-7BB8-4766-A329-585A71F48959}.Debug|Any CPU.Build.0 = Debug|iPhone
		{44F6439A-7BB8-4766-A329-585A71F48959}.Debug|Any CPU.Deploy.0 = Debug|iPhone
		{44F6439A-7BB8-4766-A329-585A71F48959}.Debug|iPhone.ActiveCfg = Debug|iPhone
		{44F6439A-7BB8-4766-A329-585A71F48959}.Debug|iPhone.Build.0 = Debug|iPhone
		{44F6439A-7BB8-4766-A329-585A71F48959}.Debug|iPhone.Deploy.0 = Debug|iPhone
		{44F6439A-7BB8-4766-A329-585A71F48959}.Debug|iPhoneSimulator.ActiveCfg = Debug|iPhoneSimulator
		{44F6439A-7BB8-4766-A329-585A71F48959}.Debug|iPhoneSimulator.Build.0 = Debug|iPhoneSimulator
		{44F6439A-7BB8-4766-A329-585A71F48959}.Debug|iPhoneSimulator.Deploy.0 = Debug|iPhoneSimulator
		{44F6439A-7BB8-4766-A329-585A71F48959}.Release|Any CPU.ActiveCfg = Release|iPhoneSimulator
		{44F6439A-7BB8-4766-A329-585A71F48959}.Release|Any CPU.Build.0 = Release|iPhoneSimulator
		{44F6439A-7BB8-4766-A329-585A71F48959}.Release|Any CPU.Deploy.0 = Release|iPhoneSimulator
		{44F6439A-7BB8-4766-A329-585A71F48959}.Release|iPhone.ActiveCfg = Release|iPhone
		{44F6439A-7BB8-4766-A329-585A71F48959}.Release|iPhone.Build.0 = Release|iPhone
		{44F6439A-7BB8-4766-A329-585A71F48959}.Release|iPhone.Deploy.0 = Release|iPhone
		{44F6439A-7BB8-4766-A329-585A71F48959}.Release|iPhoneSimulator.ActiveCfg = Release|iPhoneSimulator
		{44F6439A-7BB8-4766-A329-585A71F48959}.Release|iPhoneSimulator.Build.0 = Release|iPhoneSimulator
		{44F6439A-7BB8-4766-A329-585A71F48959}.Release|iPhoneSimulator.Deploy.0 = Release|iPhoneSimulator
		{712371D9-E278-4C1C-A6AB-D038AE1C3F08}.Debug|Any CPU.ActiveCfg = Debug|Any CPU
		{712371D9-E278-4C1C-A6AB-D038AE1C3F08}.Debug|Any CPU.Build.0 = Debug|Any CPU
		{712371D9-E278-4C1C-A6AB-D038AE1C3F08}.Debug|Any CPU.Deploy.0 = Debug|Any CPU
		{712371D9-E278-4C1C-A6AB-D038AE1C3F08}.Debug|iPhone.ActiveCfg = Debug|Any CPU
		{712371D9-E278-4C1C-A6AB-D038AE1C3F08}.Debug|iPhone.Build.0 = Debug|Any CPU
		{712371D9-E278-4C1C-A6AB-D038AE1C3F08}.Debug|iPhone.Deploy.0 = Debug|Any CPU
		{712371D9-E278-4C1C-A6AB-D038AE1C3F08}.Debug|iPhoneSimulator.ActiveCfg = Debug|Any CPU
		{712371D9-E278-4C1C-A6AB-D038AE1C3F08}.Debug|iPhoneSimulator.Build.0 = Debug|Any CPU
		{712371D9-E278-4C1C-A6AB-D038AE1C3F08}.Debug|iPhoneSimulator.Deploy.0 = Debug|Any CPU
		{712371D9-E278-4C1C-A6AB-D038AE1C3F08}.Release|Any CPU.ActiveCfg = Release|Any CPU
		{712371D9-E278-4C1C-A6AB-D038AE1C3F08}.Release|Any CPU.Build.0 = Release|Any CPU
		{712371D9-E278-4C1C-A6AB-D038AE1C3F08}.Release|Any CPU.Deploy.0 = Release|Any CPU
		{712371D9-E278-4C1C-A6AB-D038AE1C3F08}.Release|iPhone.ActiveCfg = Release|Any CPU
		{712371D9-E278-4C1C-A6AB-D038AE1C3F08}.Release|iPhone.Build.0 = Release|Any CPU
		{712371D9-E278-4C1C-A6AB-D038AE1C3F08}.Release|iPhone.Deploy.0 = Release|Any CPU
		{712371D9-E278-4C1C-A6AB-D038AE1C3F08}.Release|iPhoneSimulator.ActiveCfg = Release|Any CPU
		{712371D9-E278-4C1C-A6AB-D038AE1C3F08}.Release|iPhoneSimulator.Build.0 = Release|Any CPU
		{712371D9-E278-4C1C-A6AB-D038AE1C3F08}.Release|iPhoneSimulator.Deploy.0 = Release|Any CPU
	EndGlobalSection
	GlobalSection(SolutionProperties) = preSolution
		HideSolutionNode = FALSE
	EndGlobalSection
	GlobalSection(ExtensibilityGlobals) = postSolution
		SolutionGuid = {9D6A363E-6540-4F34-B4B2-9194043AF64F}
	EndGlobalSection
EndGlobal
