
Microsoft Visual Studio Solution File, Format Version 12.00
# Visual Studio Version 16
VisualStudioVersion = 16.0.30611.23
MinimumVisualStudioVersion = 10.0.40219.1
Project("{FAE04EC0-301F-11D3-BF4B-00C04F79EFBC}") = "AppAloMundo.Android", "AppAloMundo\AppAloMundo.Android\AppAloMundo.Android.csproj", "{9F8F3839-193D-4BF1-9BA0-8B694759FA88}"
EndProject
Project("{FAE04EC0-301F-11D3-BF4B-00C04F79EFBC}") = "AppAloMundo.iOS", "AppAloMundo\AppAloMundo.iOS\AppAloMundo.iOS.csproj", "{B700C865-D035-4E63-8EF4-3144852ED68A}"
EndProject
Project("{FAE04EC0-301F-11D3-BF4B-00C04F79EFBC}") = "AppAloMundo", "AppAloMundo\AppAloMundo\AppAloMundo.csproj", "{743F0DD9-B6CE-449F-A7ED-44761856C9C9}"
EndProject
Global
	GlobalSection(SolutionConfigurationPlatforms) = preSolution
		Debug|Any CPU = Debug|Any CPU
		Debug|iPhone = Debug|iPhone
		Debug|iPhoneSimulator = Debug|iPhoneSimulator
		Release|Any CPU = Release|Any CPU
		Release|iPhone = Release|iPhone
		Release|iPhoneSimulator = Release|iPhoneSimulator
	EndGlobalSection
	GlobalSection(ProjectConfigurationPlatforms) = postSolution
		{9F8F3839-193D-4BF1-9BA0-8B694759FA88}.Debug|Any CPU.ActiveCfg = Debug|Any CPU
		{9F8F3839-193D-4BF1-9BA0-8B694759FA88}.Debug|Any CPU.Build.0 = Debug|Any CPU
		{9F8F3839-193D-4BF1-9BA0-8B694759FA88}.Debug|Any CPU.Deploy.0 = Debug|Any CPU
		{9F8F3839-193D-4BF1-9BA0-8B694759FA88}.Debug|iPhone.ActiveCfg = Debug|Any CPU
		{9F8F3839-193D-4BF1-9BA0-8B694759FA88}.Debug|iPhone.Build.0 = Debug|Any CPU
		{9F8F3839-193D-4BF1-9BA0-8B694759FA88}.Debug|iPhone.Deploy.0 = Debug|Any CPU
		{9F8F3839-193D-4BF1-9BA0-8B694759FA88}.Debug|iPhoneSimulator.ActiveCfg = Debug|Any CPU
		{9F8F3839-193D-4BF1-9BA0-8B694759FA88}.Debug|iPhoneSimulator.Build.0 = Debug|Any CPU
		{9F8F3839-193D-4BF1-9BA0-8B694759FA88}.Debug|iPhoneSimulator.Deploy.0 = Debug|Any CPU
		{9F8F3839-193D-4BF1-9BA0-8B694759FA88}.Release|Any CPU.ActiveCfg = Release|Any CPU
		{9F8F3839-193D-4BF1-9BA0-8B694759FA88}.Release|Any CPU.Build.0 = Release|Any CPU
		{9F8F3839-193D-4BF1-9BA0-8B694759FA88}.Release|Any CPU.Deploy.0 = Release|Any CPU
		{9F8F3839-193D-4BF1-9BA0-8B694759FA88}.Release|iPhone.ActiveCfg = Release|Any CPU
		{9F8F3839-193D-4BF1-9BA0-8B694759FA88}.Release|iPhone.Build.0 = Release|Any CPU
		{9F8F3839-193D-4BF1-9BA0-8B694759FA88}.Release|iPhone.Deploy.0 = Release|Any CPU
		{9F8F3839-193D-4BF1-9BA0-8B694759FA88}.Release|iPhoneSimulator.ActiveCfg = Release|Any CPU
		{9F8F3839-193D-4BF1-9BA0-8B694759FA88}.Release|iPhoneSimulator.Build.0 = Release|Any CPU
		{9F8F3839-193D-4BF1-9BA0-8B694759FA88}.Release|iPhoneSimulator.Deploy.0 = Release|Any CPU
		{B700C865-D035-4E63-8EF4-3144852ED68A}.Debug|Any CPU.ActiveCfg = Debug|iPhone
		{B700C865-D035-4E63-8EF4-3144852ED68A}.Debug|Any CPU.Build.0 = Debug|iPhone
		{B700C865-D035-4E63-8EF4-3144852ED68A}.Debug|Any CPU.Deploy.0 = Debug|iPhone
		{B700C865-D035-4E63-8EF4-3144852ED68A}.Debug|iPhone.ActiveCfg = Debug|iPhone
		{B700C865-D035-4E63-8EF4-3144852ED68A}.Debug|iPhone.Build.0 = Debug|iPhone
		{B700C865-D035-4E63-8EF4-3144852ED68A}.Debug|iPhone.Deploy.0 = Debug|iPhone
		{B700C865-D035-4E63-8EF4-3144852ED68A}.Debug|iPhoneSimulator.ActiveCfg = Debug|iPhoneSimulator
		{B700C865-D035-4E63-8EF4-3144852ED68A}.Debug|iPhoneSimulator.Build.0 = Debug|iPhoneSimulator
		{B700C865-D035-4E63-8EF4-3144852ED68A}.Debug|iPhoneSimulator.Deploy.0 = Debug|iPhoneSimulator
		{B700C865-D035-4E63-8EF4-3144852ED68A}.Release|Any CPU.ActiveCfg = Release|iPhoneSimulator
		{B700C865-D035-4E63-8EF4-3144852ED68A}.Release|Any CPU.Build.0 = Release|iPhoneSimulator
		{B700C865-D035-4E63-8EF4-3144852ED68A}.Release|Any CPU.Deploy.0 = Release|iPhoneSimulator
		{B700C865-D035-4E63-8EF4-3144852ED68A}.Release|iPhone.ActiveCfg = Release|iPhone
		{B700C865-D035-4E63-8EF4-3144852ED68A}.Release|iPhone.Build.0 = Release|iPhone
		{B700C865-D035-4E63-8EF4-3144852ED68A}.Release|iPhone.Deploy.0 = Release|iPhone
		{B700C865-D035-4E63-8EF4-3144852ED68A}.Release|iPhoneSimulator.ActiveCfg = Release|iPhoneSimulator
		{B700C865-D035-4E63-8EF4-3144852ED68A}.Release|iPhoneSimulator.Build.0 = Release|iPhoneSimulator
		{B700C865-D035-4E63-8EF4-3144852ED68A}.Release|iPhoneSimulator.Deploy.0 = Release|iPhoneSimulator
		{743F0DD9-B6CE-449F-A7ED-44761856C9C9}.Debug|Any CPU.ActiveCfg = Debug|Any CPU
		{743F0DD9-B6CE-449F-A7ED-44761856C9C9}.Debug|Any CPU.Build.0 = Debug|Any CPU
		{743F0DD9-B6CE-449F-A7ED-44761856C9C9}.Debug|Any CPU.Deploy.0 = Debug|Any CPU
		{743F0DD9-B6CE-449F-A7ED-44761856C9C9}.Debug|iPhone.ActiveCfg = Debug|Any CPU
		{743F0DD9-B6CE-449F-A7ED-44761856C9C9}.Debug|iPhone.Build.0 = Debug|Any CPU
		{743F0DD9-B6CE-449F-A7ED-44761856C9C9}.Debug|iPhone.Deploy.0 = Debug|Any CPU
		{743F0DD9-B6CE-449F-A7ED-44761856C9C9}.Debug|iPhoneSimulator.ActiveCfg = Debug|Any CPU
		{743F0DD9-B6CE-449F-A7ED-44761856C9C9}.Debug|iPhoneSimulator.Build.0 = Debug|Any CPU
		{743F0DD9-B6CE-449F-A7ED-44761856C9C9}.Debug|iPhoneSimulator.Deploy.0 = Debug|Any CPU
		{743F0DD9-B6CE-449F-A7ED-44761856C9C9}.Release|Any CPU.ActiveCfg = Release|Any CPU
		{743F0DD9-B6CE-449F-A7ED-44761856C9C9}.Release|Any CPU.Build.0 = Release|Any CPU
		{743F0DD9-B6CE-449F-A7ED-44761856C9C9}.Release|Any CPU.Deploy.0 = Release|Any CPU
		{743F0DD9-B6CE-449F-A7ED-44761856C9C9}.Release|iPhone.ActiveCfg = Release|Any CPU
		{743F0DD9-B6CE-449F-A7ED-44761856C9C9}.Release|iPhone.Build.0 = Release|Any CPU
		{743F0DD9-B6CE-449F-A7ED-44761856C9C9}.Release|iPhone.Deploy.0 = Release|Any CPU
		{743F0DD9-B6CE-449F-A7ED-44761856C9C9}.Release|iPhoneSimulator.ActiveCfg = Release|Any CPU
		{743F0DD9-B6CE-449F-A7ED-44761856C9C9}.Release|iPhoneSimulator.Build.0 = Release|Any CPU
		{743F0DD9-B6CE-449F-A7ED-44761856C9C9}.Release|iPhoneSimulator.Deploy.0 = Release|Any CPU
	EndGlobalSection
	GlobalSection(SolutionProperties) = preSolution
		HideSolutionNode = FALSE
	EndGlobalSection
	GlobalSection(ExtensibilityGlobals) = postSolution
		SolutionGuid = {7E4C6D3A-2074-4566-B4D0-E9DD53A2808E}
	EndGlobalSection
EndGlobal
